{
  "nodes": {
    "alacrittyTheme": {
      "flake": false,
      "locked": {
        "lastModified": 1689254175,
        "narHash": "sha256-LU8H4e5bzCevaabDgVmbWoiVq7iJ4C1VfQrWGpRwLq0=",
        "owner": "rose-pine",
        "repo": "alacritty",
        "rev": "3c3e36eb5225b0eb6f1aa989f9d9e783a5b47a83",
        "type": "github"
      },
      "original": {
        "owner": "rose-pine",
        "repo": "alacritty",
        "type": "github"
      }
    },
    "batTheme": {
      "flake": false,
      "locked": {
        "lastModified": 1713871459,
        "narHash": "sha256-jji8WOKDkzAq8K+uSZAziMULI8Kh7e96cBRimGvIYKY=",
        "owner": "rose-pine",
        "repo": "tm-theme",
        "rev": "c4235f9a65fd180ac0f5e4396e3a86e21a0884ec",
        "type": "github"
      },
      "original": {
        "owner": "rose-pine",
        "repo": "tm-theme",
        "type": "github"
      }
    },
    "fishTheme": {
      "flake": false,
      "locked": {
        "lastModified": 1663356772,
        "narHash": "sha256-bSGGksL/jBNqVV0cHZ8eJ03/8j3HfD9HXpDa8G/Cmi8=",
        "owner": "rose-pine",
        "repo": "fish",
        "rev": "38aab5baabefea1bc7e560ba3fbdb53cb91a6186",
        "type": "github"
      },
      "original": {
        "owner": "rose-pine",
        "repo": "fish",
        "type": "github"
      }
    },
    "home-manager": {
      "inputs": {
        "nixpkgs": [
          "nixpkgs"
        ]
      },
      "locked": {
        "lastModified": 1720042825,
        "narHash": "sha256-A0vrUB6x82/jvf17qPCpxaM+ulJnD8YZwH9Ci0BsAzE=",
        "owner": "nix-community",
        "repo": "home-manager",
        "rev": "e1391fb22e18a36f57e6999c7a9f966dc80ac073",
        "type": "github"
      },
      "original": {
        "owner": "nix-community",
        "ref": "release-24.05",
        "repo": "home-manager",
        "type": "github"
      }
    },
    "nixos-hardware": {
      "locked": {
        "lastModified": 1723310128,
        "narHash": "sha256-IiH8jG6PpR4h9TxSGMYh+2/gQiJW9MwehFvheSb5rPc=",
        "owner": "NixOS",
        "repo": "nixos-hardware",
        "rev": "c54cf53e022b0b3c1d3b8207aa0f9b194c24f0cf",
        "type": "github"
      },
      "original": {
        "owner": "NixOS",
        "ref": "master",
        "repo": "nixos-hardware",
        "type": "github"
      }
    },
    "nixpkgs": {
      "locked": {
        "lastModified": 1723938990,
        "narHash": "sha256-9tUadhnZQbWIiYVXH8ncfGXGvkNq3Hag4RCBEMUk7MI=",
        "owner": "NixOS",
        "repo": "nixpkgs",
        "rev": "c42fcfbdfeae23e68fc520f9182dde9f38ad1890",
        "type": "github"
      },
      "original": {
        "owner": "NixOS",
        "ref": "nixos-24.05",
        "repo": "nixpkgs",
        "type": "github"
      }
    },
    "nixpkgs-unstable": {
      "locked": {
        "lastModified": 1723637854,
        "narHash": "sha256-med8+5DSWa2UnOqtdICndjDAEjxr5D7zaIiK4pn0Q7c=",
        "owner": "nixos",
        "repo": "nixpkgs",
        "rev": "c3aa7b8938b17aebd2deecf7be0636000d62a2b9",
        "type": "github"
      },
      "original": {
        "owner": "nixos",
        "ref": "nixos-unstable",
        "repo": "nixpkgs",
        "type": "github"
      }
    },
    "plasma-manager": {
      "inputs": {
        "home-manager": [
          "home-manager"
        ],
        "nixpkgs": [
          "nixpkgs"
        ]
      },
      "locked": {
        "lastModified": 1725327224,
        "narHash": "sha256-+cMfiE+zigDuChOFlhUH3yN7Yll9hr1LRBHsO09pqjY=",
        "owner": "nix-community",
        "repo": "plasma-manager",
        "rev": "3f1589c38428bd8121fd5deebd86ce4108b29d6e",
        "type": "github"
      },
      "original": {
        "owner": "nix-community",
        "repo": "plasma-manager",
        "type": "github"
      }
    },
    "root": {
      "inputs": {
        "alacrittyTheme": "alacrittyTheme",
        "batTheme": "batTheme",
        "fishTheme": "fishTheme",
        "home-manager": "home-manager",
        "nixos-hardware": "nixos-hardware",
        "nixpkgs": "nixpkgs",
        "nixpkgs-unstable": "nixpkgs-unstable",
        "plasma-manager": "plasma-manager",
        "zellijTheme": "zellijTheme"
      }
    },
    "zellijTheme": {
      "flake": false,
      "locked": {
        "lastModified": 1704961652,
        "narHash": "sha256-VNqd1Qt6LibK7M8KirUhtwpVYAvsgn2e96wAf/YMQzI=",
        "owner": "rose-pine",
        "repo": "zellij",
        "rev": "53835422f965e6c88b9ad59e11d343ca4552bf6d",
        "type": "github"
      },
      "original": {
        "owner": "rose-pine",
        "repo": "zellij",
        "type": "github"
      }
    }
  },
  "root": "root",
  "version": 7
}
